// !$*UTF8*$!
{
	archiveVersion = 1;
	classes = {
	};
	objectVersion = 77;
	objects = {

/* Begin PBXContainerItemProxy section */
		19F076162E8D12690029E909 /* PBXContainerItemProxy */ = {
			isa = PBXContainerItemProxy;
			containerPortal = 19F076002E8D12680029E909 /* Project object */;
			proxyType = 1;
			remoteGlobalIDString = 19F076072E8D12680029E909;
			remoteInfo = ShoppingCartAssignment;
		};
		19F076202E8D126A0029E909 /* PBXContainerItemProxy */ = {
			isa = PBXContainerItemProxy;
			containerPortal = 19F076002E8D12680029E909 /* Project object */;
			proxyType = 1;
			remoteGlobalIDString = 19F076072E8D12680029E909;
			remoteInfo = ShoppingCartAssignment;
		};
/* End PBXContainerItemProxy section */

/* Begin PBXFileReference section */
		19F076082E8D12680029E909 /* ShoppingCartAssignment.app */ = {isa = PBXFileReference; explicitFileType = wrapper.application; includeInIndex = 0; path = ShoppingCartAssignment.app; sourceTree = BUILT_PRODUCTS_DIR; };
		19F076152E8D12690029E909 /* ShoppingCartAssignmentTests.xctest */ = {isa = PBXFileReference; explicitFileType = wrapper.cfbundle; includeInIndex = 0; path = ShoppingCartAssignmentTests.xctest; sourceTree = BUILT_PRODUCTS_DIR; };
		19F0761F2E8D126A0029E909 /* ShoppingCartAssignmentUITests.xctest */ = {isa = PBXFileReference; explicitFileType = wrapper.cfbundle; includeInIndex = 0; path = ShoppingCartAssignmentUITests.xctest; sourceTree = BUILT_PRODUCTS_DIR; };
/* End PBXFileReference section */

/* Begin PBXFileSystemSynchronizedRootGroup section */
		19F0760A2E8D12680029E909 /* ShoppingCartAssignment */ = {
			isa = PBXFileSystemSynchronizedRootGroup;
			path = ShoppingCartAssignment;
			sourceTree = "<group>";
		};
		19F076182E8D12690029E909 /* ShoppingCartAssignmentTests */ = {
			isa = PBXFileSystemSynchronizedRootGroup;
			path = ShoppingCartAssignmentTests;
			sourceTree = "<group>";
		};
		19F076222E8D126A0029E909 /* ShoppingCartAssignmentUITests */ = {
			isa = PBXFileSystemSynchronizedRootGroup;
			path = ShoppingCartAssignmentUITests;
			sourceTree = "<group>";
		};
/* End PBXFileSystemSynchronizedRootGroup section */

/* Begin PBXFrameworksBuildPhase section */
		19F076052E8D12680029E909 /* Frameworks */ = {
			isa = PBXFrameworksBuildPhase;
			buildActionMask = 2147483647;
			files = (
			);
			runOnlyForDeploymentPostprocessing = 0;
		};
		19F076122E8D12690029E909 /* Frameworks */ = {
			isa = PBXFrameworksBuildPhase;
			buildActionMask = 2147483647;
			files = (
			);
			runOnlyForDeploymentPostprocessing = 0;
		};
		19F0761C2E8D126A0029E909 /* Frameworks */ = {
			isa = PBXFrameworksBuildPhase;
			buildActionMask = 2147483647;
			files = (
			);
			runOnlyForDeploymentPostprocessing = 0;
		};
/* End PBXFrameworksBuildPhase section */

/* Begin PBXGroup section */
		19F075FF2E8D12680029E909 = {
			isa = PBXGroup;
			children = (
				19F0760A2E8D12680029E909 /* ShoppingCartAssignment */,
				19F076182E8D12690029E909 /* ShoppingCartAssignmentTests */,
				19F076222E8D126A0029E909 /* ShoppingCartAssignmentUITests */,
				19F076092E8D12680029E909 /* Products */,
			);
			sourceTree = "<group>";
		};
		19F076092E8D12680029E909 /* Products */ = {
			isa = PBXGroup;
			children = (
				19F076082E8D12680029E909 /* ShoppingCartAssignment.app */,
				19F076152E8D12690029E909 /* ShoppingCartAssignmentTests.xctest */,
				19F0761F2E8D126A0029E909 /* ShoppingCartAssignmentUITests.xctest */,
			);
			name = Products;
			sourceTree = "<group>";
		};
/* End PBXGroup section */

/* Begin PBXNativeTarget section */
		19F076072E8D12680029E909 /* ShoppingCartAssignment */ = {
			isa = PBXNativeTarget;
			buildConfigurationList = 19F076292E8D126A0029E909 /* Build configuration list for PBXNativeTarget "ShoppingCartAssignment" */;
			buildPhases = (
				19F076042E8D12680029E909 /* Sources */,
				19F076052E8D12680029E909 /* Frameworks */,
				19F076062E8D12680029E909 /* Resources */,
			);
			buildRules = (
			);
			dependencies = (
			);
			fileSystemSynchronizedGroups = (
				19F0760A2E8D12680029E909 /* ShoppingCartAssignment */,
			);
			name = ShoppingCartAssignment;
			packageProductDependencies = (
			);
			productName = ShoppingCartAssignment;
			productReference = 19F076082E8D12680029E909 /* ShoppingCartAssignment.app */;
			productType = "com.apple.product-type.application";
		};
		19F076142E8D12690029E909 /* ShoppingCartAssignmentTests */ = {
			isa = PBXNativeTarget;
			buildConfigurationList = 19F0762C2E8D126A0029E909 /* Build configuration list for PBXNativeTarget "ShoppingCartAssignmentTests" */;
			buildPhases = (
				19F076112E8D12690029E909 /* Sources */,
				19F076122E8D12690029E909 /* Frameworks */,
				19F076132E8D12690029E909 /* Resources */,
			);
			buildRules = (
			);
			dependencies = (
				19F076172E8D12690029E909 /* PBXTargetDependency */,
			);
			fileSystemSynchronizedGroups = (
				19F076182E8D12690029E909 /* ShoppingCartAssignmentTests */,
			);
			name = ShoppingCartAssignmentTests;
			packageProductDependencies = (
			);
			productName = ShoppingCartAssignmentTests;
			productReference = 19F076152E8D12690029E909 /* ShoppingCartAssignmentTests.xctest */;
			productType = "com.apple.product-type.bundle.unit-test";
		};
		19F0761E2E8D126A0029E909 /* ShoppingCartAssignmentUITests */ = {
			isa = PBXNativeTarget;
			buildConfigurationList = 19F0762F2E8D126A0029E909 /* Build configuration list for PBXNativeTarget "ShoppingCartAssignmentUITests" */;
			buildPhases = (
				19F0761B2E8D126A0029E909 /* Sources */,
				19F0761C2E8D126A0029E909 /* Frameworks */,
				19F0761D2E8D126A0029E909 /* Resources */,
			);
			buildRules = (
			);
			dependencies = (
				19F076212E8D126A0029E909 /* PBXTargetDependency */,
			);
			fileSystemSynchronizedGroups = (
				19F076222E8D126A0029E909 /* ShoppingCartAssignmentUITests */,
			);
			name = ShoppingCartAssignmentUITests;
			packageProductDependencies = (
			);
			productName = ShoppingCartAssignmentUITests;
			productReference = 19F0761F2E8D126A0029E909 /* ShoppingCartAssignmentUITests.xctest */;
			productType = "com.apple.product-type.bundle.ui-testing";
		};
/* End PBXNativeTarget section */

/* Begin PBXProject section */
		19F076002E8D12680029E909 /* Project object */ = {
			isa = PBXProject;
			attributes = {
				BuildIndependentTargetsInParallel = 1;
				LastSwiftUpdateCheck = 1640;
				LastUpgradeCheck = 1640;
				TargetAttributes = {
					19F076072E8D12680029E909 = {
						CreatedOnToolsVersion = 16.4;
					};
					19F076142E8D12690029E909 = {
						CreatedOnToolsVersion = 16.4;
						TestTargetID = 19F076072E8D12680029E909;
					};
					19F0761E2E8D126A0029E909 = {
						CreatedOnToolsVersion = 16.4;
						TestTargetID = 19F076072E8D12680029E909;
					};
				};
			};
			buildConfigurationList = 19F076032E8D12680029E909 /* Build configuration list for PBXProject "ShoppingCartAssignment" */;
			developmentRegion = en;
			hasScannedForEncodings = 0;
			knownRegions = (
				en,
				Base,
			);
			mainGroup = 19F075FF2E8D12680029E909;
			minimizedProjectReferenceProxies = 1;
			preferredProjectObjectVersion = 77;
			productRefGroup = 19F076092E8D12680029E909 /* Products */;
			projectDirPath = "";
			projectRoot = "";
			targets = (
				19F076072E8D12680029E909 /* ShoppingCartAssignment */,
				19F076142E8D12690029E909 /* ShoppingCartAssignmentTests */,
				19F0761E2E8D126A0029E909 /* ShoppingCartAssignmentUITests */,
			);
		};
/* End PBXProject section */

/* Begin PBXResourcesBuildPhase section */
		19F076062E8D12680029E909 /* Resources */ = {
			isa = PBXResourcesBuildPhase;
			buildActionMask = 2147483647;
			files = (
			);
			runOnlyForDeploymentPostprocessing = 0;
		};
		19F076132E8D12690029E909 /* Resources */ = {
			isa = PBXResourcesBuildPhase;
			buildActionMask = 2147483647;
			files = (
			);
			runOnlyForDeploymentPostprocessing = 0;
		};
		19F0761D2E8D126A0029E909 /* Resources */ = {
			isa = PBXResourcesBuildPhase;
			buildActionMask = 2147483647;
			files = (
			);
			runOnlyForDeploymentPostprocessing = 0;
		};
/* End PBXResourcesBuildPhase section */

/* Begin PBXSourcesBuildPhase section */
		19F076042E8D12680029E909 /* Sources */ = {
			isa = PBXSourcesBuildPhase;
			buildActionMask = 2147483647;
			files = (
			);
			runOnlyForDeploymentPostprocessing = 0;
		};
		19F076112E8D12690029E909 /* Sources */ = {
			isa = PBXSourcesBuildPhase;
			buildActionMask = 2147483647;
			files = (
			);
			runOnlyForDeploymentPostprocessing = 0;
		};
		19F0761B2E8D126A0029E909 /* Sources */ = {
			isa = PBXSourcesBuildPhase;
			buildActionMask = 2147483647;
			files = (
			);
			runOnlyForDeploymentPostprocessing = 0;
		};
/* End PBXSourcesBuildPhase section */

/* Begin PBXTargetDependency section */
		19F076172E8D12690029E909 /* PBXTargetDependency */ = {
			isa = PBXTargetDependency;
			target = 19F076072E8D12680029E909 /* ShoppingCartAssignment */;
			targetProxy = 19F076162E8D12690029E909 /* PBXContainerItemProxy */;
		};
		19F076212E8D126A0029E909 /* PBXTargetDependency */ = {
			isa = PBXTargetDependency;
			target = 19F076072E8D12680029E909 /* ShoppingCartAssignment */;
			targetProxy = 19F076202E8D126A0029E909 /* PBXContainerItemProxy */;
		};
/* End PBXTargetDependency section */

/* Begin XCBuildConfiguration section */
		19F076272E8D126A0029E909 /* Debug */ = {
			isa = XCBuildConfiguration;
			buildSettings = {
				ALWAYS_SEARCH_USER_PATHS = NO;
				ASSETCATALOG_COMPILER_GENERATE_SWIFT_ASSET_SYMBOL_EXTENSIONS = YES;
				CLANG_ANALYZER_NONNULL = YES;
				CLANG_ANALYZER_NUMBER_OBJECT_CONVERSION = YES_AGGRESSIVE;
				CLANG_CXX_LANGUAGE_STANDARD = "gnu++20";
				CLANG_ENABLE_MODULES = YES;
				CLANG_ENABLE_OBJC_ARC = YES;
				CLANG_ENABLE_OBJC_WEAK = YES;
				CLANG_WARN_BLOCK_CAPTURE_AUTORELEASING = YES;
				CLANG_WARN_BOOL_CONVERSION = YES;
				CLANG_WARN_COMMA = YES;
				CLANG_WARN_CONSTANT_CONVERSION = YES;
				CLANG_WARN_DEPRECATED_OBJC_IMPLEMENTATIONS = YES;
				CLANG_WARN_DIRECT_OBJC_ISA_USAGE = YES_ERROR;
				CLANG_WARN_DOCUMENTATION_COMMENTS = YES;
				CLANG_WARN_EMPTY_BODY = YES;
				CLANG_WARN_ENUM_CONVERSION = YES;
				CLANG_WARN_INFINITE_RECURSION = YES;
				CLANG_WARN_INT_CONVERSION = YES;
				CLANG_WARN_NON_LITERAL_NULL_CONVERSION = YES;
				CLANG_WARN_OBJC_IMPLICIT_RETAIN_SELF = YES;
				CLANG_WARN_OBJC_LITERAL_CONVERSION = YES;
				CLANG_WARN_OBJC_ROOT_CLASS = YES_ERROR;
				CLANG_WARN_QUOTED_INCLUDE_IN_FRAMEWORK_HEADER = YES;
				CLANG_WARN_RANGE_LOOP_ANALYSIS = YES;
				CLANG_WARN_STRICT_PROTOTYPES = YES;
				CLANG_WARN_SUSPICIOUS_MOVE = YES;
				CLANG_WARN_UNGUARDED_AVAILABILITY = YES_AGGRESSIVE;
				CLANG_WARN_UNREACHABLE_CODE = YES;
				CLANG_WARN__DUPLICATE_METHOD_MATCH = YES;
				COPY_PHASE_STRIP = NO;
				DEBUG_INFORMATION_FORMAT = dwarf;
				ENABLE_STRICT_OBJC_MSGSEND = YES;
				ENABLE_TESTABILITY = YES;
				ENABLE_USER_SCRIPT_SANDBOXING = YES;
				GCC_C_LANGUAGE_STANDARD = gnu17;
				GCC_DYNAMIC_NO_PIC = NO;
				GCC_NO_COMMON_BLOCKS = YES;
				GCC_OPTIMIZATION_LEVEL = 0;
				GCC_PREPROCESSOR_DEFINITIONS = (
					"DEBUG=1",
					"$(inherited)",
				);
				GCC_WARN_64_TO_32_BIT_CONVERSION = YES;
				GCC_WARN_ABOUT_RETURN_TYPE = YES_ERROR;
				GCC_WARN_UNDECLARED_SELECTOR = YES;
				GCC_WARN_UNINITIALIZED_AUTOS = YES_AGGRESSIVE;
				GCC_WARN_UNUSED_FUNCTION = YES;
				GCC_WARN_UNUSED_VARIABLE = YES;
				IPHONEOS_DEPLOYMENT_TARGET = 18.5;
				LOCALIZATION_PREFERS_STRING_CATALOGS = YES;
				MTL_ENABLE_DEBUG_INFO = INCLUDE_SOURCE;
				MTL_FAST_MATH = YES;
				ONLY_ACTIVE_ARCH = YES;
				SDKROOT = iphoneos;
				SWIFT_ACTIVE_COMPILATION_CONDITIONS = "DEBUG $(inherited)";
				SWIFT_OPTIMIZATION_LEVEL = "-Onone";
			};
			name = Debug;
		};
		19F076282E8D126A0029E909 /* Release */ = {
			isa = XCBuildConfiguration;
			buildSettings = {
				ALWAYS_SEARCH_USER_PATHS = NO;
				ASSETCATALOG_COMPILER_GENERATE_SWIFT_ASSET_SYMBOL_EXTENSIONS = YES;
				CLANG_ANALYZER_NONNULL = YES;
				CLANG_ANALYZER_NUMBER_OBJECT_CONVERSION = YES_AGGRESSIVE;
				CLANG_CXX_LANGUAGE_STANDARD = "gnu++20";
				CLANG_ENABLE_MODULES = YES;
				CLANG_ENABLE_OBJC_ARC = YES;
				CLANG_ENABLE_OBJC_WEAK = YES;
				CLANG_WARN_BLOCK_CAPTURE_AUTORELEASING = YES;
				CLANG_WARN_BOOL_CONVERSION = YES;
				CLANG_WARN_COMMA = YES;
				CLANG_WARN_CONSTANT_CONVERSION = YES;
				CLANG_WARN_DEPRECATED_OBJC_IMPLEMENTATIONS = YES;
				CLANG_WARN_DIRECT_OBJC_ISA_USAGE = YES_ERROR;
				CLANG_WARN_DOCUMENTATION_COMMENTS = YES;
				CLANG_WARN_EMPTY_BODY = YES;
				CLANG_WARN_ENUM_CONVERSION = YES;
				CLANG_WARN_INFINITE_RECURSION = YES;
				CLANG_WARN_INT_CONVERSION = YES;
				CLANG_WARN_NON_LITERAL_NULL_CONVERSION = YES;
				CLANG_WARN_OBJC_IMPLICIT_RETAIN_SELF = YES;
				CLANG_WARN_OBJC_LITERAL_CONVERSION = YES;
				CLANG_WARN_OBJC_ROOT_CLASS = YES_ERROR;
				CLANG_WARN_QUOTED_INCLUDE_IN_FRAMEWORK_HEADER = YES;
				CLANG_WARN_RANGE_LOOP_ANALYSIS = YES;
				CLANG_WARN_STRICT_PROTOTYPES = YES;
				CLANG_WARN_SUSPICIOUS_MOVE = YES;
				CLANG_WARN_UNGUARDED_AVAILABILITY = YES_AGGRESSIVE;
				CLANG_WARN_UNREACHABLE_CODE = YES;
				CLANG_WARN__DUPLICATE_METHOD_MATCH = YES;
				COPY_PHASE_STRIP = NO;
				DEBUG_INFORMATION_FORMAT = "dwarf-with-dsym";
				ENABLE_NS_ASSERTIONS = NO;
				ENABLE_STRICT_OBJC_MSGSEND = YES;
				ENABLE_USER_SCRIPT_SANDBOXING = YES;
				GCC_C_LANGUAGE_STANDARD = gnu17;
				GCC_NO_COMMON_BLOCKS = YES;
				GCC_WARN_64_TO_32_BIT_CONVERSION = YES;
				GCC_WARN_ABOUT_RETURN_TYPE = YES_ERROR;
				GCC_WARN_UNDECLARED_SELECTOR = YES;
				GCC_WARN_UNINITIALIZED_AUTOS = YES_AGGRESSIVE;
				GCC_WARN_UNUSED_FUNCTION = YES;
				GCC_WARN_UNUSED_VARIABLE = YES;
				IPHONEOS_DEPLOYMENT_TARGET = 18.5;
				LOCALIZATION_PREFERS_STRING_CATALOGS = YES;
				MTL_ENABLE_DEBUG_INFO = NO;
				MTL_FAST_MATH = YES;
				SDKROOT = iphoneos;
				SWIFT_COMPILATION_MODE = wholemodule;
				VALIDATE_PRODUCT = YES;
			};
			name = Release;
		};
		19F0762A2E8D126A0029E909 /* Debug */ = {
			isa = XCBuildConfiguration;
			buildSettings = {
				ASSETCATALOG_COMPILER_APPICON_NAME = AppIcon;
				ASSETCATALOG_COMPILER_GLOBAL_ACCENT_COLOR_NAME = AccentColor;
				CODE_SIGN_STYLE = Automatic;
				CURRENT_PROJECT_VERSION = 1;
				ENABLE_PREVIEWS = YES;
				GENERATE_INFOPLIST_FILE = YES;
				INFOPLIST_KEY_UIApplicationSceneManifest_Generation = YES;
				INFOPLIST_KEY_UIApplicationSupportsIndirectInputEvents = YES;
				INFOPLIST_KEY_UILaunchScreen_Generation = YES;
				INFOPLIST_KEY_UISupportedInterfaceOrientations_iPad = "UIInterfaceOrientationPortrait UIInterfaceOrientationPortraitUpsideDown UIInterfaceOrientationLandscapeLeft UIInterfaceOrientationLandscapeRight";
				INFOPLIST_KEY_UISupportedInterfaceOrientations_iPhone = "UIInterfaceOrientationPortrait UIInterfaceOrientationLandscapeLeft UIInterfaceOrientationLandscapeRight";
				LD_RUNPATH_SEARCH_PATHS = (
					"$(inherited)",
					"@executable_path/Frameworks",
				);
				MARKETING_VERSION = 1.0;
				PRODUCT_BUNDLE_IDENTIFIER = com.ayaulym.ShoppingCartAssignment;
				PRODUCT_NAME = "$(TARGET_NAME)";
				SWIFT_EMIT_LOC_STRINGS = YES;
				SWIFT_VERSION = 5.0;
				TARGETED_DEVICE_FAMILY = "1,2";
			};
			name = Debug;
		};
		19F0762B2E8D126A0029E909 /* Release */ = {
			isa = XCBuildConfiguration;
			buildSettings = {
				ASSETCATALOG_COMPILER_APPICON_NAME = AppIcon;
				ASSETCATALOG_COMPILER_GLOBAL_ACCENT_COLOR_NAME = AccentColor;
				CODE_SIGN_STYLE = Automatic;
				CURRENT_PROJECT_VERSION = 1;
				ENABLE_PREVIEWS = YES;
				GENERATE_INFOPLIST_FILE = YES;
				INFOPLIST_KEY_UIApplicationSceneManifest_Generation = YES;
				INFOPLIST_KEY_UIApplicationSupportsIndirectInputEvents = YES;
				INFOPLIST_KEY_UILaunchScreen_Generation = YES;
				INFOPLIST_KEY_UISupportedInterfaceOrientations_iPad = "UIInterfaceOrientationPortrait UIInterfaceOrientationPortraitUpsideDown UIInterfaceOrientationLandscapeLeft UIInterfaceOrientationLandscapeRight";
				INFOPLIST_KEY_UISupportedInterfaceOrientations_iPhone = "UIInterfaceOrientationPortrait UIInterfaceOrientationLandscapeLeft UIInterfaceOrientationLandscapeRight";
				LD_RUNPATH_SEARCH_PATHS = (
					"$(inherited)",
					"@executable_path/Frameworks",
				);
				MARKETING_VERSION = 1.0;
				PRODUCT_BUNDLE_IDENTIFIER = com.ayaulym.ShoppingCartAssignment;
				PRODUCT_NAME = "$(TARGET_NAME)";
				SWIFT_EMIT_LOC_STRINGS = YES;
				SWIFT_VERSION = 5.0;
				TARGETED_DEVICE_FAMILY = "1,2";
			};
			name = Release;
		};
		19F0762D2E8D126A0029E909 /* Debug */ = {
			isa = XCBuildConfiguration;
			buildSettings = {
				BUNDLE_LOADER = "$(TEST_HOST)";
				CODE_SIGN_STYLE = Automatic;
				CURRENT_PROJECT_VERSION = 1;
				GENERATE_INFOPLIST_FILE = YES;
				IPHONEOS_DEPLOYMENT_TARGET = 18.5;
				MARKETING_VERSION = 1.0;
				PRODUCT_BUNDLE_IDENTIFIER = com.ayaulym.ShoppingCartAssignmentTests;
				PRODUCT_NAME = "$(TARGET_NAME)";
				SWIFT_EMIT_LOC_STRINGS = NO;
				SWIFT_VERSION = 5.0;
				TARGETED_DEVICE_FAMILY = "1,2";
				TEST_HOST = "$(BUILT_PRODUCTS_DIR)/ShoppingCartAssignment.app/$(BUNDLE_EXECUTABLE_FOLDER_PATH)/ShoppingCartAssignment";
			};
			name = Debug;
		};
		19F0762E2E8D126A0029E909 /* Release */ = {
			isa = XCBuildConfiguration;
			buildSettings = {
				BUNDLE_LOADER = "$(TEST_HOST)";
				CODE_SIGN_STYLE = Automatic;
				CURRENT_PROJECT_VERSION = 1;
				GENERATE_INFOPLIST_FILE = YES;
				IPHONEOS_DEPLOYMENT_TARGET = 18.5;
				MARKETING_VERSION = 1.0;
				PRODUCT_BUNDLE_IDENTIFIER = com.ayaulym.ShoppingCartAssignmentTests;
				PRODUCT_NAME = "$(TARGET_NAME)";
				SWIFT_EMIT_LOC_STRINGS = NO;
				SWIFT_VERSION = 5.0;
				TARGETED_DEVICE_FAMILY = "1,2";
				TEST_HOST = "$(BUILT_PRODUCTS_DIR)/ShoppingCartAssignment.app/$(BUNDLE_EXECUTABLE_FOLDER_PATH)/ShoppingCartAssignment";
			};
			name = Release;
		};
		19F076302E8D126A0029E909 /* Debug */ = {
			isa = XCBuildConfiguration;
			buildSettings = {
				CODE_SIGN_STYLE = Automatic;
				CURRENT_PROJECT_VERSION = 1;
				GENERATE_INFOPLIST_FILE = YES;
				MARKETING_VERSION = 1.0;
				PRODUCT_BUNDLE_IDENTIFIER = com.ayaulym.ShoppingCartAssignmentUITests;
				PRODUCT_NAME = "$(TARGET_NAME)";
				SWIFT_EMIT_LOC_STRINGS = NO;
				SWIFT_VERSION = 5.0;
				TARGETED_DEVICE_FAMILY = "1,2";
				TEST_TARGET_NAME = ShoppingCartAssignment;
			};
			name = Debug;
		};
		19F076312E8D126A0029E909 /* Release */ = {
			isa = XCBuildConfiguration;
			buildSettings = {
				CODE_SIGN_STYLE = Automatic;
				CURRENT_PROJECT_VERSION = 1;
				GENERATE_INFOPLIST_FILE = YES;
				MARKETING_VERSION = 1.0;
				PRODUCT_BUNDLE_IDENTIFIER = com.ayaulym.ShoppingCartAssignmentUITests;
				PRODUCT_NAME = "$(TARGET_NAME)";
				SWIFT_EMIT_LOC_STRINGS = NO;
				SWIFT_VERSION = 5.0;
				TARGETED_DEVICE_FAMILY = "1,2";
				TEST_TARGET_NAME = ShoppingCartAssignment;
			};
			name = Release;
		};
/* End XCBuildConfiguration section */

/* Begin XCConfigurationList section */
		19F076032E8D12680029E909 /* Build configuration list for PBXProject "ShoppingCartAssignment" */ = {
			isa = XCConfigurationList;
			buildConfigurations = (
				19F076272E8D126A0029E909 /* Debug */,
				19F076282E8D126A0029E909 /* Release */,
			);
			defaultConfigurationIsVisible = 0;
			defaultConfigurationName = Release;
		};
		19F076292E8D126A0029E909 /* Build configuration list for PBXNativeTarget "ShoppingCartAssignment" */ = {
			isa = XCConfigurationList;
			buildConfigurations = (
				19F0762A2E8D126A0029E909 /* Debug */,
				19F0762B2E8D126A0029E909 /* Release */,
			);
			defaultConfigurationIsVisible = 0;
			defaultConfigurationName = Release;
		};
		19F0762C2E8D126A0029E909 /* Build configuration list for PBXNativeTarget "ShoppingCartAssignmentTests" */ = {
			isa = XCConfigurationList;
			buildConfigurations = (
				19F0762D2E8D126A0029E909 /* Debug */,
				19F0762E2E8D126A0029E909 /* Release */,
			);
			defaultConfigurationIsVisible = 0;
			defaultConfigurationName = Release;
		};
		19F0762F2E8D126A0029E909 /* Build configuration list for PBXNativeTarget "ShoppingCartAssignmentUITests" */ = {
			isa = XCConfigurationList;
			buildConfigurations = (
				19F076302E8D126A0029E909 /* Debug */,
				19F076312E8D126A0029E909 /* Release */,
			);
			defaultConfigurationIsVisible = 0;
			defaultConfigurationName = Release;
		};
/* End XCConfigurationList section */
	};
	rootObject = 19F076002E8D12680029E909 /* Project object */;
}
